// !$*UTF8*$!
{
	archiveVersion = 1;
	classes = {
	};
	objectVersion = 48;
	objects = {

/* Begin PBXBuildFile section */
		ABD5FE181FE6F80D0030C21D /* AppDelegate.swift in Sources */ = {isa = PBXBuildFile; fileRef = ABD5FE171FE6F80D0030C21D /* AppDelegate.swift */; };
		ABD5FE1A1FE6F80D0030C21D /* ViewController.swift in Sources */ = {isa = PBXBuildFile; fileRef = ABD5FE191FE6F80D0030C21D /* ViewController.swift */; };
		ABD5FE1C1FE6F80D0030C21D /* Assets.xcassets in Resources */ = {isa = PBXBuildFile; fileRef = ABD5FE1B1FE6F80D0030C21D /* Assets.xcassets */; };
		ABD5FE1F1FE6F80D0030C21D /* Main.storyboard in Resources */ = {isa = PBXBuildFile; fileRef = ABD5FE1D1FE6F80D0030C21D /* Main.storyboard */; };
		ABD5FE281FE6F8F40030C21D /* MainWindow.swift in Sources */ = {isa = PBXBuildFile; fileRef = ABD5FE271FE6F8F40030C21D /* MainWindow.swift */; };
		ABD5FE2A1FE6F98A0030C21D /* Person.swift in Sources */ = {isa = PBXBuildFile; fileRef = ABD5FE291FE6F98A0030C21D /* Person.swift */; };
/* End PBXBuildFile section */

/* Begin PBXFileReference section */
		ABD5FE141FE6F80D0030C21D /* tableview cocoa.app */ = {isa = PBXFileReference; explicitFileType = wrapper.application; includeInIndex = 0; path = "tableview cocoa.app"; sourceTree = BUILT_PRODUCTS_DIR; };
		ABD5FE171FE6F80D0030C21D /* AppDelegate.swift */ = {isa = PBXFileReference; lastKnownFileType = sourcecode.swift; path = AppDelegate.swift; sourceTree = "<group>"; };
		ABD5FE191FE6F80D0030C21D /* ViewController.swift */ = {isa = PBXFileReference; lastKnownFileType = sourcecode.swift; path = ViewController.swift; sourceTree = "<group>"; };
		ABD5FE1B1FE6F80D0030C21D /* Assets.xcassets */ = {isa = PBXFileReference; lastKnownFileType = folder.assetcatalog; path = Assets.xcassets; sourceTree = "<group>"; };
		ABD5FE1E1FE6F80D0030C21D /* Base */ = {isa = PBXFileReference; lastKnownFileType = file.storyboard; name = Base; path = Base.lproj/Main.storyboard; sourceTree = "<group>"; };
		ABD5FE201FE6F80D0030C21D /* Info.plist */ = {isa = PBXFileReference; lastKnownFileType = text.plist.xml; path = Info.plist; sourceTree = "<group>"; };
		ABD5FE211FE6F80D0030C21D /* tableview_cocoa.entitlements */ = {isa = PBXFileReference; lastKnownFileType = text.plist.entitlements; path = tableview_cocoa.entitlements; sourceTree = "<group>"; };
		ABD5FE271FE6F8F40030C21D /* MainWindow.swift */ = {isa = PBXFileReference; lastKnownFileType = sourcecode.swift; path = MainWindow.swift; sourceTree = "<group>"; };
		ABD5FE291FE6F98A0030C21D /* Person.swift */ = {isa = PBXFileReference; lastKnownFileType = sourcecode.swift; path = Person.swift; sourceTree = "<group>"; };
/* End PBXFileReference section */

/* Begin PBXFrameworksBuildPhase section */
		ABD5FE111FE6F80D0030C21D /* Frameworks */ = {
			isa = PBXFrameworksBuildPhase;
			buildActionMask = 2147483647;
			files = (
			);
			runOnlyForDeploymentPostprocessing = 0;
		};
/* End PBXFrameworksBuildPhase section */

/* Begin PBXGroup section */
		ABD5FE0B1FE6F80D0030C21D = {
			isa = PBXGroup;
			children = (
				ABD5FE161FE6F80D0030C21D /* tableview cocoa */,
				ABD5FE151FE6F80D0030C21D /* Products */,
			);
			sourceTree = "<group>";
		};
		ABD5FE151FE6F80D0030C21D /* Products */ = {
			isa = PBXGroup;
			children = (
				ABD5FE141FE6F80D0030C21D /* tableview cocoa.app */,
			);
			name = Products;
			sourceTree = "<group>";
		};
		ABD5FE161FE6F80D0030C21D /* tableview cocoa */ = {
			isa = PBXGroup;
			children = (
				ABD5FE171FE6F80D0030C21D /* AppDelegate.swift */,
				ABD5FE191FE6F80D0030C21D /* ViewController.swift */,
				ABD5FE1B1FE6F80D0030C21D /* Assets.xcassets */,
				ABD5FE1D1FE6F80D0030C21D /* Main.storyboard */,
				ABD5FE201FE6F80D0030C21D /* Info.plist */,
				ABD5FE211FE6F80D0030C21D /* tableview_cocoa.entitlements */,
				ABD5FE271FE6F8F40030C21D /* MainWindow.swift */,
				ABD5FE291FE6F98A0030C21D /* Person.swift */,
			);
			path = "tableview cocoa";
			sourceTree = "<group>";
		};
/* End PBXGroup section */

/* Begin PBXNativeTarget section */
		ABD5FE131FE6F80D0030C21D /* tableview cocoa */ = {
			isa = PBXNativeTarget;
			buildConfigurationList = ABD5FE241FE6F80D0030C21D /* Build configuration list for PBXNativeTarget "tableview cocoa" */;
			buildPhases = (
				ABD5FE101FE6F80D0030C21D /* Sources */,
				ABD5FE111FE6F80D0030C21D /* Frameworks */,
				ABD5FE121FE6F80D0030C21D /* Resources */,
			);
			buildRules = (
			);
			dependencies = (
			);
			name = "tableview cocoa";
			productName = "tableview cocoa";
			productReference = ABD5FE141FE6F80D0030C21D /* tableview cocoa.app */;
			productType = "com.apple.product-type.application";
		};
/* End PBXNativeTarget section */

/* Begin PBXProject section */
		ABD5FE0C1FE6F80D0030C21D /* Project object */ = {
			isa = PBXProject;
			attributes = {
				LastSwiftUpdateCheck = 0920;
				LastUpgradeCheck = 0920;
				ORGANIZATIONNAME = "Eric Rosko";
				TargetAttributes = {
					ABD5FE131FE6F80D0030C21D = {
						CreatedOnToolsVersion = 9.2;
						ProvisioningStyle = Automatic;
					};
				};
			};
			buildConfigurationList = ABD5FE0F1FE6F80D0030C21D /* Build configuration list for PBXProject "tableview cocoa" */;
			compatibilityVersion = "Xcode 8.0";
			developmentRegion = en;
			hasScannedForEncodings = 0;
			knownRegions = (
				en,
				Base,
			);
			mainGroup = ABD5FE0B1FE6F80D0030C21D;
			productRefGroup = ABD5FE151FE6F80D0030C21D /* Products */;
			projectDirPath = "";
			projectRoot = "";
			targets = (
				ABD5FE131FE6F80D0030C21D /* tableview cocoa */,
			);
		};
/* End PBXProject section */

/* Begin PBXResourcesBuildPhase section */
		ABD5FE121FE6F80D0030C21D /* Resources */ = {
			isa = PBXResourcesBuildPhase;
			buildActionMask = 2147483647;
			files = (
				ABD5FE1C1FE6F80D0030C21D /* Assets.xcassets in Resources */,
				ABD5FE1F1FE6F80D0030C21D /* Main.storyboard in Resources */,
			);
			runOnlyForDeploymentPostprocessing = 0;
		};
/* End PBXResourcesBuildPhase section */

/* Begin PBXSourcesBuildPhase section */
		ABD5FE101FE6F80D0030C21D /* Sources */ = {
			isa = PBXSourcesBuildPhase;
			buildActionMask = 2147483647;
			files = (
				ABD5FE1A1FE6F80D0030C21D /* ViewController.swift in Sources */,
				ABD5FE281FE6F8F40030C21D /* MainWindow.swift in Sources */,
				ABD5FE2A1FE6F98A0030C21D /* Person.swift in Sources */,
				ABD5FE181FE6F80D0030C21D /* AppDelegate.swift in Sources */,
			);
			runOnlyForDeploymentPostprocessing = 0;
		};
/* End PBXSourcesBuildPhase section */

/* Begin PBXVariantGroup section */
		ABD5FE1D1FE6F80D0030C21D /* Main.storyboard */ = {
			isa = PBXVariantGroup;
			children = (
				ABD5FE1E1FE6F80D0030C21D /* Base */,
			);
			name = Main.storyboard;
			sourceTree = "<group>";
		};
/* End PBXVariantGroup section */

/* Begin XCBuildConfiguration section */
		ABD5FE221FE6F80D0030C21D /* Debug */ = {
			isa = XCBuildConfiguration;
			buildSettings = {
				ALWAYS_SEARCH_USER_PATHS = NO;
				CLANG_ANALYZER_NONNULL = YES;
				CLANG_ANALYZER_NUMBER_OBJECT_CONVERSION = YES_AGGRESSIVE;
				CLANG_CXX_LANGUAGE_STANDARD = "gnu++14";
				CLANG_CXX_LIBRARY = "libc++";
				CLANG_ENABLE_MODULES = YES;
				CLANG_ENABLE_OBJC_ARC = YES;
				CLANG_WARN_BLOCK_CAPTURE_AUTORELEASING = YES;
				CLANG_WARN_BOOL_CONVERSION = YES;
				CLANG_WARN_COMMA = YES;
				CLANG_WARN_CONSTANT_CONVERSION = YES;
				CLANG_WARN_DIRECT_OBJC_ISA_USAGE = YES_ERROR;
				CLANG_WARN_DOCUMENTATION_COMMENTS = YES;
				CLANG_WARN_EMPTY_BODY = YES;
				CLANG_WARN_ENUM_CONVERSION = YES;
				CLANG_WARN_INFINITE_RECURSION = YES;
				CLANG_WARN_INT_CONVERSION = YES;
				CLANG_WARN_NON_LITERAL_NULL_CONVERSION = YES;
				CLANG_WARN_OBJC_LITERAL_CONVERSION = YES;
				CLANG_WARN_OBJC_ROOT_CLASS = YES_ERROR;
				CLANG_WARN_RANGE_LOOP_ANALYSIS = YES;
				CLANG_WARN_STRICT_PROTOTYPES = YES;
				CLANG_WARN_SUSPICIOUS_MOVE = YES;
				CLANG_WARN_UNGUARDED_AVAILABILITY = YES_AGGRESSIVE;
				CLANG_WARN_UNREACHABLE_CODE = YES;
				CLANG_WARN__DUPLICATE_METHOD_MATCH = YES;
				CODE_SIGN_IDENTITY = "Mac Developer";
				COPY_PHASE_STRIP = NO;
				DEBUG_INFORMATION_FORMAT = dwarf;
				ENABLE_STRICT_OBJC_MSGSEND = YES;
				ENABLE_TESTABILITY = YES;
				GCC_C_LANGUAGE_STANDARD = gnu11;
				GCC_DYNAMIC_NO_PIC = NO;
				GCC_NO_COMMON_BLOCKS = YES;
				GCC_OPTIMIZATION_LEVEL = 0;
				GCC_PREPROCESSOR_DEFINITIONS = (
					"DEBUG=1",
					"$(inherited)",
				);
				GCC_WARN_64_TO_32_BIT_CONVERSION = YES;
				GCC_WARN_ABOUT_RETURN_TYPE = YES_ERROR;
				GCC_WARN_UNDECLARED_SELECTOR = YES;
				GCC_WARN_UNINITIALIZED_AUTOS = YES_AGGRESSIVE;
				GCC_WARN_UNUSED_FUNCTION = YES;
				GCC_WARN_UNUSED_VARIABLE = YES;
				MACOSX_DEPLOYMENT_TARGET = 10.12;
				MTL_ENABLE_DEBUG_INFO = YES;
				ONLY_ACTIVE_ARCH = YES;
				SDKROOT = macosx;
				SWIFT_ACTIVE_COMPILATION_CONDITIONS = DEBUG;
				SWIFT_OPTIMIZATION_LEVEL = "-Onone";
			};
			name = Debug;
		};
		ABD5FE231FE6F80D0030C21D /* Release */ = {
			isa = XCBuildConfiguration;
			buildSettings = {
				ALWAYS_SEARCH_USER_PATHS = NO;
				CLANG_ANALYZER_NONNULL = YES;
				CLANG_ANALYZER_NUMBER_OBJECT_CONVERSION = YES_AGGRESSIVE;
				CLANG_CXX_LANGUAGE_STANDARD = "gnu++14";
				CLANG_CXX_LIBRARY = "libc++";
				CLANG_ENABLE_MODULES = YES;
				CLANG_ENABLE_OBJC_ARC = YES;
				CLANG_WARN_BLOCK_CAPTURE_AUTORELEASING = YES;
				CLANG_WARN_BOOL_CONVERSION = YES;
				CLANG_WARN_COMMA = YES;
				CLANG_WARN_CONSTANT_CONVERSION = YES;
				CLANG_WARN_DIRECT_OBJC_ISA_USAGE = YES_ERROR;
				CLANG_WARN_DOCUMENTATION_COMMENTS = YES;
				CLANG_WARN_EMPTY_BODY = YES;
				CLANG_WARN_ENUM_CONVERSION = YES;
				CLANG_WARN_INFINITE_RECURSION = YES;
				CLANG_WARN_INT_CONVERSION = YES;
				CLANG_WARN_NON_LITERAL_NULL_CONVERSION = YES;
				CLANG_WARN_OBJC_LITERAL_CONVERSION = YES;
				CLANG_WARN_OBJC_ROOT_CLASS = YES_ERROR;
				CLANG_WARN_RANGE_LOOP_ANALYSIS = YES;
				CLANG_WARN_STRICT_PROTOTYPES = YES;
				CLANG_WARN_SUSPICIOUS_MOVE = YES;
				CLANG_WARN_UNGUARDED_AVAILABILITY = YES_AGGRESSIVE;
				CLANG_WARN_UNREACHABLE_CODE = YES;
				CLANG_WARN__DUPLICATE_METHOD_MATCH = YES;
				CODE_SIGN_IDENTITY = "Mac Developer";
				COPY_PHASE_STRIP = NO;
				DEBUG_INFORMATION_FORMAT = "dwarf-with-dsym";
				ENABLE_NS_ASSERTIONS = NO;
				ENABLE_STRICT_OBJC_MSGSEND = YES;
				GCC_C_LANGUAGE_STANDARD = gnu11;
				GCC_NO_COMMON_BLOCKS = YES;
				GCC_WARN_64_TO_32_BIT_CONVERSION = YES;
				GCC_WARN_ABOUT_RETURN_TYPE = YES_ERROR;
				GCC_WARN_UNDECLARED_SELECTOR = YES;
				GCC_WARN_UNINITIALIZED_AUTOS = YES_AGGRESSIVE;
				GCC_WARN_UNUSED_FUNCTION = YES;
				GCC_WARN_UNUSED_VARIABLE = YES;
				MACOSX_DEPLOYMENT_TARGET = 10.12;
				MTL_ENABLE_DEBUG_INFO = NO;
				SDKROOT = macosx;
				SWIFT_OPTIMIZATION_LEVEL = "-Owholemodule";
			};
			name = Release;
		};
		ABD5FE251FE6F80D0030C21D /* Debug */ = {
			isa = XCBuildConfiguration;
			buildSettings = {
				ASSETCATALOG_COMPILER_APPICON_NAME = AppIcon;
				CODE_SIGN_ENTITLEMENTS = "tableview cocoa/tableview_cocoa.entitlements";
				CODE_SIGN_STYLE = Automatic;
				COMBINE_HIDPI_IMAGES = YES;
				DEVELOPMENT_TEAM = "";
				INFOPLIST_FILE = "tableview cocoa/Info.plist";
				LD_RUNPATH_SEARCH_PATHS = "$(inherited) @executable_path/../Frameworks";
				PRODUCT_BUNDLE_IDENTIFIER = "com.ericrosko.tableview-cocoa";
				PRODUCT_NAME = "$(TARGET_NAME)";
				SWIFT_VERSION = 4.0;
			};
			name = Debug;
		};
		ABD5FE261FE6F80D0030C21D /* Release */ = {
			isa = XCBuildConfiguration;
			buildSettings = {
				ASSETCATALOG_COMPILER_APPICON_NAME = AppIcon;
				CODE_SIGN_ENTITLEMENTS = "tableview cocoa/tableview_cocoa.entitlements";
				CODE_SIGN_STYLE = Automatic;
				COMBINE_HIDPI_IMAGES = YES;
				DEVELOPMENT_TEAM = "";
				INFOPLIST_FILE = "tableview cocoa/Info.plist";
				LD_RUNPATH_SEARCH_PATHS = "$(inherited) @executable_path/../Frameworks";
				PRODUCT_BUNDLE_IDENTIFIER = "com.ericrosko.tableview-cocoa";
				PRODUCT_NAME = "$(TARGET_NAME)";
				SWIFT_VERSION = 4.0;
			};
			name = Release;
		};
/* End XCBuildConfiguration section */

/* Begin XCConfigurationList section */
		ABD5FE0F1FE6F80D0030C21D /* Build configuration list for PBXProject "tableview cocoa" */ = {
			isa = XCConfigurationList;
			buildConfigurations = (
				ABD5FE221FE6F80D0030C21D /* Debug */,
				ABD5FE231FE6F80D0030C21D /* Release */,
			);
			defaultConfigurationIsVisible = 0;
			defaultConfigurationName = Release;
		};
		ABD5FE241FE6F80D0030C21D /* Build configuration list for PBXNativeTarget "tableview cocoa" */ = {
			isa = XCConfigurationList;
			buildConfigurations = (
				ABD5FE251FE6F80D0030C21D /* Debug */,
				ABD5FE261FE6F80D0030C21D /* Release */,
			);
			defaultConfigurationIsVisible = 0;
			defaultConfigurationName = Release;
		};
/* End XCConfigurationList section */
	};
	rootObject = ABD5FE0C1FE6F80D0030C21D /* Project object */;
}
